
Microsoft Visual Studio Solution File, Format Version 12.00
# Visual Studio Version 16
VisualStudioVersion = 16.0.31702.278
MinimumVisualStudioVersion = 10.0.40219.1
Project("{9A19103F-16F7-4668-BE54-9A1E7A4F7556}") = "TekLabServiceCore", "TekLabServiceCore\TekLabServiceCore.csproj", "{DC6C8187-B993-47E9-8CE7-F3819DDD38F3}"
EndProject
Project("{FAE04EC0-301F-11D3-BF4B-00C04F79EFBC}") = "MongoClient", "MongoClient\MongoClient.csproj", "{3CCC6E13-8B8F-4A0F-889C-5691CF1214E6}"
EndProject
Global
	GlobalSection(SolutionConfigurationPlatforms) = preSolution
		Debug|Any CPU = Debug|Any CPU
		Release|Any CPU = Release|Any CPU
	EndGlobalSection
	GlobalSection(ProjectConfigurationPlatforms) = postSolution
		{DC6C8187-B993-47E9-8CE7-F3819DDD38F3}.Debug|Any CPU.ActiveCfg = Debug|Any CPU
		{DC6C8187-B993-47E9-8CE7-F3819DDD38F3}.Debug|Any CPU.Build.0 = Debug|Any CPU
		{DC6C8187-B993-47E9-8CE7-F3819DDD38F3}.Release|Any CPU.ActiveCfg = Release|Any CPU
		{DC6C8187-B993-47E9-8CE7-F3819DDD38F3}.Release|Any CPU.Build.0 = Release|Any CPU
		{3CCC6E13-8B8F-4A0F-889C-5691CF1214E6}.Debug|Any CPU.ActiveCfg = Debug|Any CPU
		{3CCC6E13-8B8F-4A0F-889C-5691CF1214E6}.Debug|Any CPU.Build.0 = Debug|Any CPU
		{3CCC6E13-8B8F-4A0F-889C-5691CF1214E6}.Release|Any CPU.ActiveCfg = Release|Any CPU
		{3CCC6E13-8B8F-4A0F-889C-5691CF1214E6}.Release|Any CPU.Build.0 = Release|Any CPU
	EndGlobalSection
	GlobalSection(SolutionProperties) = preSolution
		HideSolutionNode = FALSE
	EndGlobalSection
	GlobalSection(ExtensibilityGlobals) = postSolution
		SolutionGuid = {119715F1-7B9C-42C8-B162-88BEEC2AAA7C}
	EndGlobalSection
EndGlobal
